// !$*UTF8*$!
{
	archiveVersion = 1;
	classes = {
	};
	objectVersion = 46;
	objects = {

/* Begin PBXBuildFile section */
		5045199A216DDA7B002B3F48 /* Number+BrightFutures.swift in Sources */ = {isa = PBXBuildFile; fileRef = E98FD6F21DC3D81600DCD9C9 /* Number+BrightFutures.swift */; };
		5045199B216DDA7B002B3F48 /* Number+BrightFutures.swift in Sources */ = {isa = PBXBuildFile; fileRef = E98FD6F21DC3D81600DCD9C9 /* Number+BrightFutures.swift */; };
		5045199C216DDA7B002B3F48 /* Number+BrightFutures.swift in Sources */ = {isa = PBXBuildFile; fileRef = E98FD6F21DC3D81600DCD9C9 /* Number+BrightFutures.swift */; };
		C34BB4B4224A6D3C00921D21 /* NoError.swift in Sources */ = {isa = PBXBuildFile; fileRef = C34BB4B3224A6D3C00921D21 /* NoError.swift */; };
		C34BB4B6224A9E3600921D21 /* ResultProtocol.swift in Sources */ = {isa = PBXBuildFile; fileRef = C34BB4B5224A9E3500921D21 /* ResultProtocol.swift */; };
		E98647A71BF327E400B6BEEE /* BrightFutures.framework in Frameworks */ = {isa = PBXBuildFile; fileRef = E986479D1BF327E400B6BEEE /* BrightFutures.framework */; };
		E98FD6F61DC3D81600DCD9C9 /* Async.swift in Sources */ = {isa = PBXBuildFile; fileRef = E98FD6E61DC3D81600DCD9C9 /* Async.swift */; };
		E98FD6F71DC3D81600DCD9C9 /* Async.swift in Sources */ = {isa = PBXBuildFile; fileRef = E98FD6E61DC3D81600DCD9C9 /* Async.swift */; };
		E98FD6F81DC3D81600DCD9C9 /* Async.swift in Sources */ = {isa = PBXBuildFile; fileRef = E98FD6E61DC3D81600DCD9C9 /* Async.swift */; };
		E98FD6F91DC3D81600DCD9C9 /* Async.swift in Sources */ = {isa = PBXBuildFile; fileRef = E98FD6E61DC3D81600DCD9C9 /* Async.swift */; };
		E98FD6FA1DC3D81600DCD9C9 /* AsyncType.swift in Sources */ = {isa = PBXBuildFile; fileRef = E98FD6E71DC3D81600DCD9C9 /* AsyncType.swift */; };
		E98FD6FB1DC3D81600DCD9C9 /* AsyncType.swift in Sources */ = {isa = PBXBuildFile; fileRef = E98FD6E71DC3D81600DCD9C9 /* AsyncType.swift */; };
		E98FD6FC1DC3D81600DCD9C9 /* AsyncType.swift in Sources */ = {isa = PBXBuildFile; fileRef = E98FD6E71DC3D81600DCD9C9 /* AsyncType.swift */; };
		E98FD6FD1DC3D81600DCD9C9 /* AsyncType.swift in Sources */ = {isa = PBXBuildFile; fileRef = E98FD6E71DC3D81600DCD9C9 /* AsyncType.swift */; };
		E98FD6FE1DC3D81600DCD9C9 /* AsyncType+Debug.swift in Sources */ = {isa = PBXBuildFile; fileRef = E98FD6E81DC3D81600DCD9C9 /* AsyncType+Debug.swift */; };
		E98FD6FF1DC3D81600DCD9C9 /* AsyncType+Debug.swift in Sources */ = {isa = PBXBuildFile; fileRef = E98FD6E81DC3D81600DCD9C9 /* AsyncType+Debug.swift */; };
		E98FD7001DC3D81600DCD9C9 /* AsyncType+Debug.swift in Sources */ = {isa = PBXBuildFile; fileRef = E98FD6E81DC3D81600DCD9C9 /* AsyncType+Debug.swift */; };
		E98FD7011DC3D81600DCD9C9 /* AsyncType+Debug.swift in Sources */ = {isa = PBXBuildFile; fileRef = E98FD6E81DC3D81600DCD9C9 /* AsyncType+Debug.swift */; };
		E98FD7021DC3D81600DCD9C9 /* AsyncType+ResultType.swift in Sources */ = {isa = PBXBuildFile; fileRef = E98FD6E91DC3D81600DCD9C9 /* AsyncType+ResultType.swift */; };
		E98FD7031DC3D81600DCD9C9 /* AsyncType+ResultType.swift in Sources */ = {isa = PBXBuildFile; fileRef = E98FD6E91DC3D81600DCD9C9 /* AsyncType+ResultType.swift */; };
		E98FD7041DC3D81600DCD9C9 /* AsyncType+ResultType.swift in Sources */ = {isa = PBXBuildFile; fileRef = E98FD6E91DC3D81600DCD9C9 /* AsyncType+ResultType.swift */; };
		E98FD7051DC3D81600DCD9C9 /* AsyncType+ResultType.swift in Sources */ = {isa = PBXBuildFile; fileRef = E98FD6E91DC3D81600DCD9C9 /* AsyncType+ResultType.swift */; };
		E98FD7061DC3D81600DCD9C9 /* Dispatch+BrightFutures.swift in Sources */ = {isa = PBXBuildFile; fileRef = E98FD6EA1DC3D81600DCD9C9 /* Dispatch+BrightFutures.swift */; };
		E98FD7071DC3D81600DCD9C9 /* Dispatch+BrightFutures.swift in Sources */ = {isa = PBXBuildFile; fileRef = E98FD6EA1DC3D81600DCD9C9 /* Dispatch+BrightFutures.swift */; };
		E98FD7081DC3D81600DCD9C9 /* Dispatch+BrightFutures.swift in Sources */ = {isa = PBXBuildFile; fileRef = E98FD6EA1DC3D81600DCD9C9 /* Dispatch+BrightFutures.swift */; };
		E98FD7091DC3D81600DCD9C9 /* Dispatch+BrightFutures.swift in Sources */ = {isa = PBXBuildFile; fileRef = E98FD6EA1DC3D81600DCD9C9 /* Dispatch+BrightFutures.swift */; };
		E98FD70A1DC3D81600DCD9C9 /* Errors.swift in Sources */ = {isa = PBXBuildFile; fileRef = E98FD6EB1DC3D81600DCD9C9 /* Errors.swift */; };
		E98FD70B1DC3D81600DCD9C9 /* Errors.swift in Sources */ = {isa = PBXBuildFile; fileRef = E98FD6EB1DC3D81600DCD9C9 /* Errors.swift */; };
		E98FD70C1DC3D81600DCD9C9 /* Errors.swift in Sources */ = {isa = PBXBuildFile; fileRef = E98FD6EB1DC3D81600DCD9C9 /* Errors.swift */; };
		E98FD70D1DC3D81600DCD9C9 /* Errors.swift in Sources */ = {isa = PBXBuildFile; fileRef = E98FD6EB1DC3D81600DCD9C9 /* Errors.swift */; };
		E98FD70E1DC3D81600DCD9C9 /* ExecutionContext.swift in Sources */ = {isa = PBXBuildFile; fileRef = E98FD6EC1DC3D81600DCD9C9 /* ExecutionContext.swift */; };
		E98FD70F1DC3D81600DCD9C9 /* ExecutionContext.swift in Sources */ = {isa = PBXBuildFile; fileRef = E98FD6EC1DC3D81600DCD9C9 /* ExecutionContext.swift */; };
		E98FD7101DC3D81600DCD9C9 /* ExecutionContext.swift in Sources */ = {isa = PBXBuildFile; fileRef = E98FD6EC1DC3D81600DCD9C9 /* ExecutionContext.swift */; };
		E98FD7111DC3D81600DCD9C9 /* ExecutionContext.swift in Sources */ = {isa = PBXBuildFile; fileRef = E98FD6EC1DC3D81600DCD9C9 /* ExecutionContext.swift */; };
		E98FD7121DC3D81600DCD9C9 /* Future.swift in Sources */ = {isa = PBXBuildFile; fileRef = E98FD6ED1DC3D81600DCD9C9 /* Future.swift */; };
		E98FD7131DC3D81600DCD9C9 /* Future.swift in Sources */ = {isa = PBXBuildFile; fileRef = E98FD6ED1DC3D81600DCD9C9 /* Future.swift */; };
		E98FD7141DC3D81600DCD9C9 /* Future.swift in Sources */ = {isa = PBXBuildFile; fileRef = E98FD6ED1DC3D81600DCD9C9 /* Future.swift */; };
		E98FD7151DC3D81600DCD9C9 /* Future.swift in Sources */ = {isa = PBXBuildFile; fileRef = E98FD6ED1DC3D81600DCD9C9 /* Future.swift */; };
		E98FD7161DC3D81600DCD9C9 /* InvalidationToken.swift in Sources */ = {isa = PBXBuildFile; fileRef = E98FD6EE1DC3D81600DCD9C9 /* InvalidationToken.swift */; };
		E98FD7171DC3D81600DCD9C9 /* InvalidationToken.swift in Sources */ = {isa = PBXBuildFile; fileRef = E98FD6EE1DC3D81600DCD9C9 /* InvalidationToken.swift */; };
		E98FD7181DC3D81600DCD9C9 /* InvalidationToken.swift in Sources */ = {isa = PBXBuildFile; fileRef = E98FD6EE1DC3D81600DCD9C9 /* InvalidationToken.swift */; };
		E98FD7191DC3D81600DCD9C9 /* InvalidationToken.swift in Sources */ = {isa = PBXBuildFile; fileRef = E98FD6EE1DC3D81600DCD9C9 /* InvalidationToken.swift */; };
		E98FD71A1DC3D81600DCD9C9 /* MutableAsyncType.swift in Sources */ = {isa = PBXBuildFile; fileRef = E98FD6EF1DC3D81600DCD9C9 /* MutableAsyncType.swift */; };
		E98FD71B1DC3D81600DCD9C9 /* MutableAsyncType.swift in Sources */ = {isa = PBXBuildFile; fileRef = E98FD6EF1DC3D81600DCD9C9 /* MutableAsyncType.swift */; };
		E98FD71C1DC3D81600DCD9C9 /* MutableAsyncType.swift in Sources */ = {isa = PBXBuildFile; fileRef = E98FD6EF1DC3D81600DCD9C9 /* MutableAsyncType.swift */; };
		E98FD71D1DC3D81600DCD9C9 /* MutableAsyncType.swift in Sources */ = {isa = PBXBuildFile; fileRef = E98FD6EF1DC3D81600DCD9C9 /* MutableAsyncType.swift */; };
		E98FD71E1DC3D81600DCD9C9 /* MutableAsyncType+ResultType.swift in Sources */ = {isa = PBXBuildFile; fileRef = E98FD6F01DC3D81600DCD9C9 /* MutableAsyncType+ResultType.swift */; };
		E98FD71F1DC3D81600DCD9C9 /* MutableAsyncType+ResultType.swift in Sources */ = {isa = PBXBuildFile; fileRef = E98FD6F01DC3D81600DCD9C9 /* MutableAsyncType+ResultType.swift */; };
		E98FD7201DC3D81600DCD9C9 /* MutableAsyncType+ResultType.swift in Sources */ = {isa = PBXBuildFile; fileRef = E98FD6F01DC3D81600DCD9C9 /* MutableAsyncType+ResultType.swift */; };
		E98FD7211DC3D81600DCD9C9 /* MutableAsyncType+ResultType.swift in Sources */ = {isa = PBXBuildFile; fileRef = E98FD6F01DC3D81600DCD9C9 /* MutableAsyncType+ResultType.swift */; };
		E98FD7221DC3D81600DCD9C9 /* NSOperationQueue+BrightFutures.swift in Sources */ = {isa = PBXBuildFile; fileRef = E98FD6F11DC3D81600DCD9C9 /* NSOperationQueue+BrightFutures.swift */; };
		E98FD7231DC3D81600DCD9C9 /* NSOperationQueue+BrightFutures.swift in Sources */ = {isa = PBXBuildFile; fileRef = E98FD6F11DC3D81600DCD9C9 /* NSOperationQueue+BrightFutures.swift */; };
		E98FD7241DC3D81600DCD9C9 /* NSOperationQueue+BrightFutures.swift in Sources */ = {isa = PBXBuildFile; fileRef = E98FD6F11DC3D81600DCD9C9 /* NSOperationQueue+BrightFutures.swift */; };
		E98FD7251DC3D81600DCD9C9 /* NSOperationQueue+BrightFutures.swift in Sources */ = {isa = PBXBuildFile; fileRef = E98FD6F11DC3D81600DCD9C9 /* NSOperationQueue+BrightFutures.swift */; };
		E98FD72A1DC3D81600DCD9C9 /* Promise.swift in Sources */ = {isa = PBXBuildFile; fileRef = E98FD6F31DC3D81600DCD9C9 /* Promise.swift */; };
		E98FD72B1DC3D81600DCD9C9 /* Promise.swift in Sources */ = {isa = PBXBuildFile; fileRef = E98FD6F31DC3D81600DCD9C9 /* Promise.swift */; };
		E98FD72C1DC3D81600DCD9C9 /* Promise.swift in Sources */ = {isa = PBXBuildFile; fileRef = E98FD6F31DC3D81600DCD9C9 /* Promise.swift */; };
		E98FD72D1DC3D81600DCD9C9 /* Promise.swift in Sources */ = {isa = PBXBuildFile; fileRef = E98FD6F31DC3D81600DCD9C9 /* Promise.swift */; };
		E98FD72E1DC3D81600DCD9C9 /* Result+BrightFutures.swift in Sources */ = {isa = PBXBuildFile; fileRef = E98FD6F41DC3D81600DCD9C9 /* Result+BrightFutures.swift */; };
		E98FD72F1DC3D81600DCD9C9 /* Result+BrightFutures.swift in Sources */ = {isa = PBXBuildFile; fileRef = E98FD6F41DC3D81600DCD9C9 /* Result+BrightFutures.swift */; };
		E98FD7301DC3D81600DCD9C9 /* Result+BrightFutures.swift in Sources */ = {isa = PBXBuildFile; fileRef = E98FD6F41DC3D81600DCD9C9 /* Result+BrightFutures.swift */; };
		E98FD7311DC3D81600DCD9C9 /* Result+BrightFutures.swift in Sources */ = {isa = PBXBuildFile; fileRef = E98FD6F41DC3D81600DCD9C9 /* Result+BrightFutures.swift */; };
		E98FD7321DC3D81600DCD9C9 /* SequenceType+BrightFutures.swift in Sources */ = {isa = PBXBuildFile; fileRef = E98FD6F51DC3D81600DCD9C9 /* SequenceType+BrightFutures.swift */; };
		E98FD7331DC3D81600DCD9C9 /* SequenceType+BrightFutures.swift in Sources */ = {isa = PBXBuildFile; fileRef = E98FD6F51DC3D81600DCD9C9 /* SequenceType+BrightFutures.swift */; };
		E98FD7341DC3D81600DCD9C9 /* SequenceType+BrightFutures.swift in Sources */ = {isa = PBXBuildFile; fileRef = E98FD6F51DC3D81600DCD9C9 /* SequenceType+BrightFutures.swift */; };
		E98FD7351DC3D81600DCD9C9 /* SequenceType+BrightFutures.swift in Sources */ = {isa = PBXBuildFile; fileRef = E98FD6F51DC3D81600DCD9C9 /* SequenceType+BrightFutures.swift */; };
		E98FD7641DC3D88000DCD9C9 /* BrightFuturesTests.swift in Sources */ = {isa = PBXBuildFile; fileRef = E98FD7361DC3D82400DCD9C9 /* BrightFuturesTests.swift */; };
		E98FD7651DC3D88000DCD9C9 /* ErrorsTests.swift in Sources */ = {isa = PBXBuildFile; fileRef = E98FD7371DC3D82400DCD9C9 /* ErrorsTests.swift */; };
		E98FD7661DC3D88000DCD9C9 /* ExecutionContextTests.swift in Sources */ = {isa = PBXBuildFile; fileRef = E98FD7381DC3D82400DCD9C9 /* ExecutionContextTests.swift */; };
		E98FD7671DC3D88000DCD9C9 /* FutureDebugTests.swift in Sources */ = {isa = PBXBuildFile; fileRef = E98FD7391DC3D82400DCD9C9 /* FutureDebugTests.swift */; };
		E98FD7681DC3D88000DCD9C9 /* InvalidationTokenTests.swift in Sources */ = {isa = PBXBuildFile; fileRef = E98FD73A1DC3D82400DCD9C9 /* InvalidationTokenTests.swift */; };
		E98FD7691DC3D88000DCD9C9 /* NSOperationQueueTests.swift in Sources */ = {isa = PBXBuildFile; fileRef = E98FD73B1DC3D82400DCD9C9 /* NSOperationQueueTests.swift */; };
		E98FD76A1DC3D88000DCD9C9 /* PromiseTests.swift in Sources */ = {isa = PBXBuildFile; fileRef = E98FD73C1DC3D82400DCD9C9 /* PromiseTests.swift */; };
		E98FD76B1DC3D88000DCD9C9 /* QueueTests.swift in Sources */ = {isa = PBXBuildFile; fileRef = E98FD73D1DC3D82400DCD9C9 /* QueueTests.swift */; };
		E98FD76C1DC3D88000DCD9C9 /* ResultTests.swift in Sources */ = {isa = PBXBuildFile; fileRef = E98FD73E1DC3D82400DCD9C9 /* ResultTests.swift */; };
		E98FD7761DC3D88200DCD9C9 /* BrightFuturesTests.swift in Sources */ = {isa = PBXBuildFile; fileRef = E98FD7361DC3D82400DCD9C9 /* BrightFuturesTests.swift */; };
		E98FD7771DC3D88200DCD9C9 /* ErrorsTests.swift in Sources */ = {isa = PBXBuildFile; fileRef = E98FD7371DC3D82400DCD9C9 /* ErrorsTests.swift */; };
		E98FD7781DC3D88200DCD9C9 /* ExecutionContextTests.swift in Sources */ = {isa = PBXBuildFile; fileRef = E98FD7381DC3D82400DCD9C9 /* ExecutionContextTests.swift */; };
		E98FD7791DC3D88200DCD9C9 /* FutureDebugTests.swift in Sources */ = {isa = PBXBuildFile; fileRef = E98FD7391DC3D82400DCD9C9 /* FutureDebugTests.swift */; };
		E98FD77A1DC3D88200DCD9C9 /* InvalidationTokenTests.swift in Sources */ = {isa = PBXBuildFile; fileRef = E98FD73A1DC3D82400DCD9C9 /* InvalidationTokenTests.swift */; };
		E98FD77B1DC3D88200DCD9C9 /* NSOperationQueueTests.swift in Sources */ = {isa = PBXBuildFile; fileRef = E98FD73B1DC3D82400DCD9C9 /* NSOperationQueueTests.swift */; };
		E98FD77C1DC3D88200DCD9C9 /* PromiseTests.swift in Sources */ = {isa = PBXBuildFile; fileRef = E98FD73C1DC3D82400DCD9C9 /* PromiseTests.swift */; };
		E98FD77D1DC3D88200DCD9C9 /* QueueTests.swift in Sources */ = {isa = PBXBuildFile; fileRef = E98FD73D1DC3D82400DCD9C9 /* QueueTests.swift */; };
		E98FD77E1DC3D88200DCD9C9 /* ResultTests.swift in Sources */ = {isa = PBXBuildFile; fileRef = E98FD73E1DC3D82400DCD9C9 /* ResultTests.swift */; };
		E98FD77F1DC3D88600DCD9C9 /* BrightFuturesTests.swift in Sources */ = {isa = PBXBuildFile; fileRef = E98FD7361DC3D82400DCD9C9 /* BrightFuturesTests.swift */; };
		E98FD7801DC3D88600DCD9C9 /* ErrorsTests.swift in Sources */ = {isa = PBXBuildFile; fileRef = E98FD7371DC3D82400DCD9C9 /* ErrorsTests.swift */; };
		E98FD7811DC3D88600DCD9C9 /* ExecutionContextTests.swift in Sources */ = {isa = PBXBuildFile; fileRef = E98FD7381DC3D82400DCD9C9 /* ExecutionContextTests.swift */; };
		E98FD7821DC3D88600DCD9C9 /* FutureDebugTests.swift in Sources */ = {isa = PBXBuildFile; fileRef = E98FD7391DC3D82400DCD9C9 /* FutureDebugTests.swift */; };
		E98FD7831DC3D88600DCD9C9 /* InvalidationTokenTests.swift in Sources */ = {isa = PBXBuildFile; fileRef = E98FD73A1DC3D82400DCD9C9 /* InvalidationTokenTests.swift */; };
		E98FD7841DC3D88600DCD9C9 /* NSOperationQueueTests.swift in Sources */ = {isa = PBXBuildFile; fileRef = E98FD73B1DC3D82400DCD9C9 /* NSOperationQueueTests.swift */; };
		E98FD7851DC3D88600DCD9C9 /* PromiseTests.swift in Sources */ = {isa = PBXBuildFile; fileRef = E98FD73C1DC3D82400DCD9C9 /* PromiseTests.swift */; };
		E98FD7861DC3D88600DCD9C9 /* QueueTests.swift in Sources */ = {isa = PBXBuildFile; fileRef = E98FD73D1DC3D82400DCD9C9 /* QueueTests.swift */; };
		E98FD7871DC3D88600DCD9C9 /* ResultTests.swift in Sources */ = {isa = PBXBuildFile; fileRef = E98FD73E1DC3D82400DCD9C9 /* ResultTests.swift */; };
		E9D45B0B1AF00659000F6CA7 /* BrightFutures.framework in Frameworks */ = {isa = PBXBuildFile; fileRef = E9D45B001AF00659000F6CA7 /* BrightFutures.framework */; };
		E9DF0821194470060083F7F2 /* BrightFutures.framework in Frameworks */ = {isa = PBXBuildFile; fileRef = E9DF0815194470060083F7F2 /* BrightFutures.framework */; };
		E9F496E31B0397EA00F82839 /* BrightFutures.framework in CopyFiles */ = {isa = PBXBuildFile; fileRef = E9DF0815194470060083F7F2 /* BrightFutures.framework */; settings = {ATTRIBUTES = (CodeSignOnCopy, RemoveHeadersOnCopy, ); }; };
		E9F496E51B03981100F82839 /* BrightFutures.framework in CopyFiles */ = {isa = PBXBuildFile; fileRef = E9D45B001AF00659000F6CA7 /* BrightFutures.framework */; settings = {ATTRIBUTES = (CodeSignOnCopy, RemoveHeadersOnCopy, ); }; };
/* End PBXBuildFile section */

/* Begin PBXContainerItemProxy section */
		E98647A81BF327E400B6BEEE /* PBXContainerItemProxy */ = {
			isa = PBXContainerItemProxy;
			containerPortal = E9DF080C194470060083F7F2 /* Project object */;
			proxyType = 1;
			remoteGlobalIDString = E986479C1BF327E400B6BEEE;
			remoteInfo = "BrightFutures-tvOS";
		};
		E9D45B0C1AF00659000F6CA7 /* PBXContainerItemProxy */ = {
			isa = PBXContainerItemProxy;
			containerPortal = E9DF080C194470060083F7F2 /* Project object */;
			proxyType = 1;
			remoteGlobalIDString = E9D45AFF1AF00659000F6CA7;
			remoteInfo = "BrightFutures-Mac";
		};
		E9DF0822194470060083F7F2 /* PBXContainerItemProxy */ = {
			isa = PBXContainerItemProxy;
			containerPortal = E9DF080C194470060083F7F2 /* Project object */;
			proxyType = 1;
			remoteGlobalIDString = E9DF0814194470060083F7F2;
			remoteInfo = BrightFutures;
		};
/* End PBXContainerItemProxy section */

/* Begin PBXCopyFilesBuildPhase section */
		E9F496E21B0397D200F82839 /* CopyFiles */ = {
			isa = PBXCopyFilesBuildPhase;
			buildActionMask = 2147483647;
			dstPath = "";
			dstSubfolderSpec = 10;
			files = (
				E9F496E31B0397EA00F82839 /* BrightFutures.framework in CopyFiles */,
			);
			runOnlyForDeploymentPostprocessing = 0;
		};
		E9F496E41B03980600F82839 /* CopyFiles */ = {
			isa = PBXCopyFilesBuildPhase;
			buildActionMask = 2147483647;
			dstPath = "";
			dstSubfolderSpec = 10;
			files = (
				E9F496E51B03981100F82839 /* BrightFutures.framework in CopyFiles */,
			);
			runOnlyForDeploymentPostprocessing = 0;
		};
/* End PBXCopyFilesBuildPhase section */

/* Begin PBXFileReference section */
		C34BB4B3224A6D3C00921D21 /* NoError.swift */ = {isa = PBXFileReference; lastKnownFileType = sourcecode.swift; path = NoError.swift; sourceTree = "<group>"; };
		C34BB4B5224A9E3500921D21 /* ResultProtocol.swift */ = {isa = PBXFileReference; lastKnownFileType = sourcecode.swift; path = ResultProtocol.swift; sourceTree = "<group>"; };
		E986479D1BF327E400B6BEEE /* BrightFutures.framework */ = {isa = PBXFileReference; explicitFileType = wrapper.framework; includeInIndex = 0; path = BrightFutures.framework; sourceTree = BUILT_PRODUCTS_DIR; };
		E98647A61BF327E400B6BEEE /* BrightFutures-tvOSTests.xctest */ = {isa = PBXFileReference; explicitFileType = wrapper.cfbundle; includeInIndex = 0; path = "BrightFutures-tvOSTests.xctest"; sourceTree = BUILT_PRODUCTS_DIR; };
		E98647CD1BF328B400B6BEEE /* Result.framework */ = {isa = PBXFileReference; lastKnownFileType = wrapper.framework; name = Result.framework; path = Carthage/Build/tvOS/Result.framework; sourceTree = "<group>"; };
		E9877CC11B826ABB009DB030 /* Result.framework */ = {isa = PBXFileReference; lastKnownFileType = wrapper.framework; name = Result.framework; path = Carthage/Build/watchOS/Result.framework; sourceTree = "<group>"; };
		E98FD6E61DC3D81600DCD9C9 /* Async.swift */ = {isa = PBXFileReference; fileEncoding = 4; lastKnownFileType = sourcecode.swift; path = Async.swift; sourceTree = "<group>"; };
		E98FD6E71DC3D81600DCD9C9 /* AsyncType.swift */ = {isa = PBXFileReference; fileEncoding = 4; lastKnownFileType = sourcecode.swift; path = AsyncType.swift; sourceTree = "<group>"; };
		E98FD6E81DC3D81600DCD9C9 /* AsyncType+Debug.swift */ = {isa = PBXFileReference; fileEncoding = 4; lastKnownFileType = sourcecode.swift; path = "AsyncType+Debug.swift"; sourceTree = "<group>"; };
		E98FD6E91DC3D81600DCD9C9 /* AsyncType+ResultType.swift */ = {isa = PBXFileReference; fileEncoding = 4; lastKnownFileType = sourcecode.swift; path = "AsyncType+ResultType.swift"; sourceTree = "<group>"; };
		E98FD6EA1DC3D81600DCD9C9 /* Dispatch+BrightFutures.swift */ = {isa = PBXFileReference; fileEncoding = 4; lastKnownFileType = sourcecode.swift; path = "Dispatch+BrightFutures.swift"; sourceTree = "<group>"; };
		E98FD6EB1DC3D81600DCD9C9 /* Errors.swift */ = {isa = PBXFileReference; fileEncoding = 4; lastKnownFileType = sourcecode.swift; path = Errors.swift; sourceTree = "<group>"; };
		E98FD6EC1DC3D81600DCD9C9 /* ExecutionContext.swift */ = {isa = PBXFileReference; fileEncoding = 4; lastKnownFileType = sourcecode.swift; path = ExecutionContext.swift; sourceTree = "<group>"; };
		E98FD6ED1DC3D81600DCD9C9 /* Future.swift */ = {isa = PBXFileReference; fileEncoding = 4; lastKnownFileType = sourcecode.swift; path = Future.swift; sourceTree = "<group>"; };
		E98FD6EE1DC3D81600DCD9C9 /* InvalidationToken.swift */ = {isa = PBXFileReference; fileEncoding = 4; lastKnownFileType = sourcecode.swift; path = InvalidationToken.swift; sourceTree = "<group>"; };
		E98FD6EF1DC3D81600DCD9C9 /* MutableAsyncType.swift */ = {isa = PBXFileReference; fileEncoding = 4; lastKnownFileType = sourcecode.swift; path = MutableAsyncType.swift; sourceTree = "<group>"; };
		E98FD6F01DC3D81600DCD9C9 /* MutableAsyncType+ResultType.swift */ = {isa = PBXFileReference; fileEncoding = 4; lastKnownFileType = sourcecode.swift; path = "MutableAsyncType+ResultType.swift"; sourceTree = "<group>"; };
		E98FD6F11DC3D81600DCD9C9 /* NSOperationQueue+BrightFutures.swift */ = {isa = PBXFileReference; fileEncoding = 4; lastKnownFileType = sourcecode.swift; path = "NSOperationQueue+BrightFutures.swift"; sourceTree = "<group>"; };
		E98FD6F21DC3D81600DCD9C9 /* Number+BrightFutures.swift */ = {isa = PBXFileReference; fileEncoding = 4; lastKnownFileType = sourcecode.swift; path = "Number+BrightFutures.swift"; sourceTree = "<group>"; };
		E98FD6F31DC3D81600DCD9C9 /* Promise.swift */ = {isa = PBXFileReference; fileEncoding = 4; lastKnownFileType = sourcecode.swift; path = Promise.swift; sourceTree = "<group>"; };
		E98FD6F41DC3D81600DCD9C9 /* Result+BrightFutures.swift */ = {isa = PBXFileReference; fileEncoding = 4; lastKnownFileType = sourcecode.swift; path = "Result+BrightFutures.swift"; sourceTree = "<group>"; };
		E98FD6F51DC3D81600DCD9C9 /* SequenceType+BrightFutures.swift */ = {isa = PBXFileReference; fileEncoding = 4; lastKnownFileType = sourcecode.swift; path = "SequenceType+BrightFutures.swift"; sourceTree = "<group>"; };
		E98FD7361DC3D82400DCD9C9 /* BrightFuturesTests.swift */ = {isa = PBXFileReference; fileEncoding = 4; lastKnownFileType = sourcecode.swift; path = BrightFuturesTests.swift; sourceTree = "<group>"; };
		E98FD7371DC3D82400DCD9C9 /* ErrorsTests.swift */ = {isa = PBXFileReference; fileEncoding = 4; lastKnownFileType = sourcecode.swift; path = ErrorsTests.swift; sourceTree = "<group>"; };
		E98FD7381DC3D82400DCD9C9 /* ExecutionContextTests.swift */ = {isa = PBXFileReference; fileEncoding = 4; lastKnownFileType = sourcecode.swift; path = ExecutionContextTests.swift; sourceTree = "<group>"; };
		E98FD7391DC3D82400DCD9C9 /* FutureDebugTests.swift */ = {isa = PBXFileReference; fileEncoding = 4; lastKnownFileType = sourcecode.swift; path = FutureDebugTests.swift; sourceTree = "<group>"; };
		E98FD73A1DC3D82400DCD9C9 /* InvalidationTokenTests.swift */ = {isa = PBXFileReference; fileEncoding = 4; lastKnownFileType = sourcecode.swift; path = InvalidationTokenTests.swift; sourceTree = "<group>"; };
		E98FD73B1DC3D82400DCD9C9 /* NSOperationQueueTests.swift */ = {isa = PBXFileReference; fileEncoding = 4; lastKnownFileType = sourcecode.swift; path = NSOperationQueueTests.swift; sourceTree = "<group>"; };
		E98FD73C1DC3D82400DCD9C9 /* PromiseTests.swift */ = {isa = PBXFileReference; fileEncoding = 4; lastKnownFileType = sourcecode.swift; path = PromiseTests.swift; sourceTree = "<group>"; };
		E98FD73D1DC3D82400DCD9C9 /* QueueTests.swift */ = {isa = PBXFileReference; fileEncoding = 4; lastKnownFileType = sourcecode.swift; path = QueueTests.swift; sourceTree = "<group>"; };
		E98FD73E1DC3D82400DCD9C9 /* ResultTests.swift */ = {isa = PBXFileReference; fileEncoding = 4; lastKnownFileType = sourcecode.swift; path = ResultTests.swift; sourceTree = "<group>"; };
		E98FD7631DC3D87900DCD9C9 /* Info.plist */ = {isa = PBXFileReference; lastKnownFileType = text.plist.xml; path = Info.plist; sourceTree = "<group>"; };
		E9CBFD091B8264D800702394 /* Result.framework */ = {isa = PBXFileReference; lastKnownFileType = wrapper.framework; name = Result.framework; path = Carthage/Build/iOS/Result.framework; sourceTree = "<group>"; };
		E9CBFD0B1B8264E500702394 /* Result.framework */ = {isa = PBXFileReference; lastKnownFileType = wrapper.framework; name = Result.framework; path = Carthage/Build/Mac/Result.framework; sourceTree = "<group>"; };
		E9CBFD121B8268FB00702394 /* BrightFutures.framework */ = {isa = PBXFileReference; explicitFileType = wrapper.framework; includeInIndex = 0; path = BrightFutures.framework; sourceTree = BUILT_PRODUCTS_DIR; };
		E9D45B001AF00659000F6CA7 /* BrightFutures.framework */ = {isa = PBXFileReference; explicitFileType = wrapper.framework; includeInIndex = 0; path = BrightFutures.framework; sourceTree = BUILT_PRODUCTS_DIR; };
		E9D45B0A1AF00659000F6CA7 /* BrightFutures-MacTests.xctest */ = {isa = PBXFileReference; explicitFileType = wrapper.cfbundle; includeInIndex = 0; path = "BrightFutures-MacTests.xctest"; sourceTree = BUILT_PRODUCTS_DIR; };
		E9DF0815194470060083F7F2 /* BrightFutures.framework */ = {isa = PBXFileReference; explicitFileType = wrapper.framework; includeInIndex = 0; path = BrightFutures.framework; sourceTree = BUILT_PRODUCTS_DIR; };
		E9DF0819194470060083F7F2 /* Info.plist */ = {isa = PBXFileReference; lastKnownFileType = text.plist.xml; path = Info.plist; sourceTree = "<group>"; };
		E9DF0820194470060083F7F2 /* BrightFutures-iOSTests.xctest */ = {isa = PBXFileReference; explicitFileType = wrapper.cfbundle; includeInIndex = 0; path = "BrightFutures-iOSTests.xctest"; sourceTree = BUILT_PRODUCTS_DIR; };
/* End PBXFileReference section */

/* Begin PBXFrameworksBuildPhase section */
		E98647991BF327E400B6BEEE /* Frameworks */ = {
			isa = PBXFrameworksBuildPhase;
			buildActionMask = 2147483647;
			files = (
			);
			runOnlyForDeploymentPostprocessing = 0;
		};
		E98647A31BF327E400B6BEEE /* Frameworks */ = {
			isa = PBXFrameworksBuildPhase;
			buildActionMask = 2147483647;
			files = (
				E98647A71BF327E400B6BEEE /* BrightFutures.framework in Frameworks */,
			);
			runOnlyForDeploymentPostprocessing = 0;
		};
		E9CBFD0E1B8268FB00702394 /* Frameworks */ = {
			isa = PBXFrameworksBuildPhase;
			buildActionMask = 2147483647;
			files = (
			);
			runOnlyForDeploymentPostprocessing = 0;
		};
		E9D45AFC1AF00659000F6CA7 /* Frameworks */ = {
			isa = PBXFrameworksBuildPhase;
			buildActionMask = 2147483647;
			files = (
			);
			runOnlyForDeploymentPostprocessing = 0;
		};
		E9D45B071AF00659000F6CA7 /* Frameworks */ = {
			isa = PBXFrameworksBuildPhase;
			buildActionMask = 2147483647;
			files = (
				E9D45B0B1AF00659000F6CA7 /* BrightFutures.framework in Frameworks */,
			);
			runOnlyForDeploymentPostprocessing = 0;
		};
		E9DF0811194470060083F7F2 /* Frameworks */ = {
			isa = PBXFrameworksBuildPhase;
			buildActionMask = 2147483647;
			files = (
			);
			runOnlyForDeploymentPostprocessing = 0;
		};
		E9DF081D194470060083F7F2 /* Frameworks */ = {
			isa = PBXFrameworksBuildPhase;
			buildActionMask = 2147483647;
			files = (
				E9DF0821194470060083F7F2 /* BrightFutures.framework in Frameworks */,
			);
			runOnlyForDeploymentPostprocessing = 0;
		};
/* End PBXFrameworksBuildPhase section */

/* Begin PBXGroup section */
		E90E9D5B1B1B8A4F00A8F9F3 /* Frameworks */ = {
			isa = PBXGroup;
			children = (
				E98647CC1BF328A000B6BEEE /* tvOS */,
				E9877CC01B826AAC009DB030 /* watchOS */,
				E90E9D5D1B1B8A5B00A8F9F3 /* Mac */,
				E90E9D5C1B1B8A5400A8F9F3 /* iOS */,
			);
			name = Frameworks;
			sourceTree = "<group>";
		};
		E90E9D5C1B1B8A5400A8F9F3 /* iOS */ = {
			isa = PBXGroup;
			children = (
				E9CBFD091B8264D800702394 /* Result.framework */,
			);
			name = iOS;
			sourceTree = "<group>";
		};
		E90E9D5D1B1B8A5B00A8F9F3 /* Mac */ = {
			isa = PBXGroup;
			children = (
				E9CBFD0B1B8264E500702394 /* Result.framework */,
			);
			name = Mac;
			sourceTree = "<group>";
		};
		E98647CC1BF328A000B6BEEE /* tvOS */ = {
			isa = PBXGroup;
			children = (
				E98647CD1BF328B400B6BEEE /* Result.framework */,
			);
			name = tvOS;
			sourceTree = "<group>";
		};
		E9877CC01B826AAC009DB030 /* watchOS */ = {
			isa = PBXGroup;
			children = (
				E9877CC11B826ABB009DB030 /* Result.framework */,
			);
			name = watchOS;
			sourceTree = "<group>";
		};
		E9DF080B194470060083F7F2 = {
			isa = PBXGroup;
			children = (
				E90E9D5B1B1B8A4F00A8F9F3 /* Frameworks */,
				E9DF0817194470060083F7F2 /* BrightFutures */,
				E9DF0824194470060083F7F2 /* BrightFuturesTests */,
				E9DF0816194470060083F7F2 /* Products */,
			);
			sourceTree = "<group>";
		};
		E9DF0816194470060083F7F2 /* Products */ = {
			isa = PBXGroup;
			children = (
				E9DF0815194470060083F7F2 /* BrightFutures.framework */,
				E9DF0820194470060083F7F2 /* BrightFutures-iOSTests.xctest */,
				E9D45B001AF00659000F6CA7 /* BrightFutures.framework */,
				E9D45B0A1AF00659000F6CA7 /* BrightFutures-MacTests.xctest */,
				E9CBFD121B8268FB00702394 /* BrightFutures.framework */,
				E986479D1BF327E400B6BEEE /* BrightFutures.framework */,
				E98647A61BF327E400B6BEEE /* BrightFutures-tvOSTests.xctest */,
			);
			name = Products;
			sourceTree = "<group>";
		};
		E9DF0817194470060083F7F2 /* BrightFutures */ = {
			isa = PBXGroup;
			children = (
				E98FD6E61DC3D81600DCD9C9 /* Async.swift */,
				E98FD6E71DC3D81600DCD9C9 /* AsyncType.swift */,
				E98FD6E81DC3D81600DCD9C9 /* AsyncType+Debug.swift */,
				E98FD6E91DC3D81600DCD9C9 /* AsyncType+ResultType.swift */,
				E98FD6EA1DC3D81600DCD9C9 /* Dispatch+BrightFutures.swift */,
				E98FD6EB1DC3D81600DCD9C9 /* Errors.swift */,
				E98FD6EC1DC3D81600DCD9C9 /* ExecutionContext.swift */,
				E98FD6ED1DC3D81600DCD9C9 /* Future.swift */,
				E98FD6EE1DC3D81600DCD9C9 /* InvalidationToken.swift */,
				E98FD6EF1DC3D81600DCD9C9 /* MutableAsyncType.swift */,
				E98FD6F01DC3D81600DCD9C9 /* MutableAsyncType+ResultType.swift */,
				C34BB4B3224A6D3C00921D21 /* NoError.swift */,
				E98FD6F11DC3D81600DCD9C9 /* NSOperationQueue+BrightFutures.swift */,
				E98FD6F31DC3D81600DCD9C9 /* Promise.swift */,
				E98FD6F41DC3D81600DCD9C9 /* Result+BrightFutures.swift */,
				C34BB4B5224A9E3500921D21 /* ResultProtocol.swift */,
				E98FD6F51DC3D81600DCD9C9 /* SequenceType+BrightFutures.swift */,
				E9DF0818194470060083F7F2 /* Supporting Files */,
			);
			name = BrightFutures;
			path = Sources/BrightFutures;
			sourceTree = "<group>";
		};
		E9DF0818194470060083F7F2 /* Supporting Files */ = {
			isa = PBXGroup;
			children = (
				E9DF0819194470060083F7F2 /* Info.plist */,
			);
			name = "Supporting Files";
			sourceTree = "<group>";
		};
		E9DF0824194470060083F7F2 /* BrightFuturesTests */ = {
			isa = PBXGroup;
			children = (
				E98FD6F21DC3D81600DCD9C9 /* Number+BrightFutures.swift */,
				E98FD7361DC3D82400DCD9C9 /* BrightFuturesTests.swift */,
				E98FD7371DC3D82400DCD9C9 /* ErrorsTests.swift */,
				E98FD7381DC3D82400DCD9C9 /* ExecutionContextTests.swift */,
				E98FD7391DC3D82400DCD9C9 /* FutureDebugTests.swift */,
				E98FD73A1DC3D82400DCD9C9 /* InvalidationTokenTests.swift */,
				E98FD73B1DC3D82400DCD9C9 /* NSOperationQueueTests.swift */,
				E98FD73C1DC3D82400DCD9C9 /* PromiseTests.swift */,
				E98FD73D1DC3D82400DCD9C9 /* QueueTests.swift */,
				E98FD73E1DC3D82400DCD9C9 /* ResultTests.swift */,
				E9DF0825194470060083F7F2 /* Supporting Files */,
			);
			name = BrightFuturesTests;
			path = Tests/BrightFuturesTests;
			sourceTree = "<group>";
		};
		E9DF0825194470060083F7F2 /* Supporting Files */ = {
			isa = PBXGroup;
			children = (
				E98FD7631DC3D87900DCD9C9 /* Info.plist */,
			);
			name = "Supporting Files";
			sourceTree = "<group>";
		};
/* End PBXGroup section */

/* Begin PBXHeadersBuildPhase section */
		E986479A1BF327E400B6BEEE /* Headers */ = {
			isa = PBXHeadersBuildPhase;
			buildActionMask = 2147483647;
			files = (
			);
			runOnlyForDeploymentPostprocessing = 0;
		};
		E9CBFD0F1B8268FB00702394 /* Headers */ = {
			isa = PBXHeadersBuildPhase;
			buildActionMask = 2147483647;
			files = (
			);
			runOnlyForDeploymentPostprocessing = 0;
		};
		E9D45AFD1AF00659000F6CA7 /* Headers */ = {
			isa = PBXHeadersBuildPhase;
			buildActionMask = 2147483647;
			files = (
			);
			runOnlyForDeploymentPostprocessing = 0;
		};
		E9DF0812194470060083F7F2 /* Headers */ = {
			isa = PBXHeadersBuildPhase;
			buildActionMask = 2147483647;
			files = (
			);
			runOnlyForDeploymentPostprocessing = 0;
		};
/* End PBXHeadersBuildPhase section */

/* Begin PBXNativeTarget section */
		E986479C1BF327E400B6BEEE /* BrightFutures-tvOS */ = {
			isa = PBXNativeTarget;
			buildConfigurationList = E98647B21BF327E400B6BEEE /* Build configuration list for PBXNativeTarget "BrightFutures-tvOS" */;
			buildPhases = (
				E98647981BF327E400B6BEEE /* Sources */,
				E98647991BF327E400B6BEEE /* Frameworks */,
				E986479A1BF327E400B6BEEE /* Headers */,
				E986479B1BF327E400B6BEEE /* Resources */,
			);
			buildRules = (
			);
			dependencies = (
			);
			name = "BrightFutures-tvOS";
			productName = "BrightFutures-tvOS";
			productReference = E986479D1BF327E400B6BEEE /* BrightFutures.framework */;
			productType = "com.apple.product-type.framework";
		};
		E98647A51BF327E400B6BEEE /* BrightFutures-tvOSTests */ = {
			isa = PBXNativeTarget;
			buildConfigurationList = E98647B31BF327E400B6BEEE /* Build configuration list for PBXNativeTarget "BrightFutures-tvOSTests" */;
			buildPhases = (
				E98647A21BF327E400B6BEEE /* Sources */,
				E98647A31BF327E400B6BEEE /* Frameworks */,
				E98647A41BF327E400B6BEEE /* Resources */,
			);
			buildRules = (
			);
			dependencies = (
				E98647A91BF327E400B6BEEE /* PBXTargetDependency */,
			);
			name = "BrightFutures-tvOSTests";
			productName = "BrightFutures-tvOSTests";
			productReference = E98647A61BF327E400B6BEEE /* BrightFutures-tvOSTests.xctest */;
			productType = "com.apple.product-type.bundle.unit-test";
		};
		E9CBFD111B8268FB00702394 /* BrightFutures-watchOS */ = {
			isa = PBXNativeTarget;
			buildConfigurationList = E9CBFD171B8268FB00702394 /* Build configuration list for PBXNativeTarget "BrightFutures-watchOS" */;
			buildPhases = (
				E9CBFD0D1B8268FB00702394 /* Sources */,
				E9CBFD0E1B8268FB00702394 /* Frameworks */,
				E9CBFD0F1B8268FB00702394 /* Headers */,
				E9CBFD101B8268FB00702394 /* Resources */,
			);
			buildRules = (
			);
			dependencies = (
			);
			name = "BrightFutures-watchOS";
			productName = "BrightFutures-watchOS";
			productReference = E9CBFD121B8268FB00702394 /* BrightFutures.framework */;
			productType = "com.apple.product-type.framework";
		};
		E9D45AFF1AF00659000F6CA7 /* BrightFutures-Mac */ = {
			isa = PBXNativeTarget;
			buildConfigurationList = E9D45B131AF00659000F6CA7 /* Build configuration list for PBXNativeTarget "BrightFutures-Mac" */;
			buildPhases = (
				E9D45AFB1AF00659000F6CA7 /* Sources */,
				E9D45AFC1AF00659000F6CA7 /* Frameworks */,
				E9D45AFD1AF00659000F6CA7 /* Headers */,
				E9D45AFE1AF00659000F6CA7 /* Resources */,
			);
			buildRules = (
			);
			dependencies = (
			);
			name = "BrightFutures-Mac";
			productName = "BrightFutures-Mac";
			productReference = E9D45B001AF00659000F6CA7 /* BrightFutures.framework */;
			productType = "com.apple.product-type.framework";
		};
		E9D45B091AF00659000F6CA7 /* BrightFutures-MacTests */ = {
			isa = PBXNativeTarget;
			buildConfigurationList = E9D45B161AF00659000F6CA7 /* Build configuration list for PBXNativeTarget "BrightFutures-MacTests" */;
			buildPhases = (
				E9D45B061AF00659000F6CA7 /* Sources */,
				E9D45B071AF00659000F6CA7 /* Frameworks */,
				E9F496E41B03980600F82839 /* CopyFiles */,
			);
			buildRules = (
			);
			dependencies = (
				E9D45B0D1AF00659000F6CA7 /* PBXTargetDependency */,
			);
			name = "BrightFutures-MacTests";
			productName = "BrightFutures-MacTests";
			productReference = E9D45B0A1AF00659000F6CA7 /* BrightFutures-MacTests.xctest */;
			productType = "com.apple.product-type.bundle.unit-test";
		};
		E9DF0814194470060083F7F2 /* BrightFutures-iOS */ = {
			isa = PBXNativeTarget;
			buildConfigurationList = E9DF082B194470060083F7F2 /* Build configuration list for PBXNativeTarget "BrightFutures-iOS" */;
			buildPhases = (
				E9DF0810194470060083F7F2 /* Sources */,
				E9DF0811194470060083F7F2 /* Frameworks */,
				E9DF0812194470060083F7F2 /* Headers */,
				E9DF0813194470060083F7F2 /* Resources */,
			);
			buildRules = (
			);
			dependencies = (
			);
			name = "BrightFutures-iOS";
			productName = BrightFutures;
			productReference = E9DF0815194470060083F7F2 /* BrightFutures.framework */;
			productType = "com.apple.product-type.framework";
		};
		E9DF081F194470060083F7F2 /* BrightFutures-iOSTests */ = {
			isa = PBXNativeTarget;
			buildConfigurationList = E9DF082E194470060083F7F2 /* Build configuration list for PBXNativeTarget "BrightFutures-iOSTests" */;
			buildPhases = (
				E9DF081C194470060083F7F2 /* Sources */,
				E9DF081D194470060083F7F2 /* Frameworks */,
				E9F496E21B0397D200F82839 /* CopyFiles */,
			);
			buildRules = (
			);
			dependencies = (
				E9DF0823194470060083F7F2 /* PBXTargetDependency */,
			);
			name = "BrightFutures-iOSTests";
			productName = BrightFuturesTests;
			productReference = E9DF0820194470060083F7F2 /* BrightFutures-iOSTests.xctest */;
			productType = "com.apple.product-type.bundle.unit-test";
		};
/* End PBXNativeTarget section */

/* Begin PBXProject section */
		E9DF080C194470060083F7F2 /* Project object */ = {
			isa = PBXProject;
			attributes = {
				LastSwiftUpdateCheck = 0710;
				LastUpgradeCheck = 1020;
				ORGANIZATIONNAME = "Thomas Visser";
				TargetAttributes = {
					E986479C1BF327E400B6BEEE = {
						CreatedOnToolsVersion = 7.1;
						LastSwiftMigration = 0800;
					};
					E98647A51BF327E400B6BEEE = {
						CreatedOnToolsVersion = 7.1;
					};
					E9CBFD111B8268FB00702394 = {
						CreatedOnToolsVersion = 7.0;
						LastSwiftMigration = 0800;
					};
					E9D45AFF1AF00659000F6CA7 = {
						CreatedOnToolsVersion = 6.3.1;
						LastSwiftMigration = 0900;
					};
					E9D45B091AF00659000F6CA7 = {
						CreatedOnToolsVersion = 6.3.1;
						LastSwiftMigration = 0900;
					};
					E9DF0814194470060083F7F2 = {
						CreatedOnToolsVersion = 6.0;
						LastSwiftMigration = "";
					};
					E9DF081F194470060083F7F2 = {
						CreatedOnToolsVersion = 6.0;
						LastSwiftMigration = 0900;
						TestTargetID = E9DF0814194470060083F7F2;
					};
				};
			};
			buildConfigurationList = E9DF080F194470060083F7F2 /* Build configuration list for PBXProject "BrightFutures" */;
			compatibilityVersion = "Xcode 3.2";
			developmentRegion = en;
			hasScannedForEncodings = 0;
			knownRegions = (
				en,
				Base,
			);
			mainGroup = E9DF080B194470060083F7F2;
			productRefGroup = E9DF0816194470060083F7F2 /* Products */;
			projectDirPath = "";
			projectRoot = "";
			targets = (
				E9DF0814194470060083F7F2 /* BrightFutures-iOS */,
				E9DF081F194470060083F7F2 /* BrightFutures-iOSTests */,
				E9D45AFF1AF00659000F6CA7 /* BrightFutures-Mac */,
				E9D45B091AF00659000F6CA7 /* BrightFutures-MacTests */,
				E9CBFD111B8268FB00702394 /* BrightFutures-watchOS */,
				E986479C1BF327E400B6BEEE /* BrightFutures-tvOS */,
				E98647A51BF327E400B6BEEE /* BrightFutures-tvOSTests */,
			);
		};
/* End PBXProject section */

/* Begin PBXResourcesBuildPhase section */
		E986479B1BF327E400B6BEEE /* Resources */ = {
			isa = PBXResourcesBuildPhase;
			buildActionMask = 2147483647;
			files = (
			);
			runOnlyForDeploymentPostprocessing = 0;
		};
		E98647A41BF327E400B6BEEE /* Resources */ = {
			isa = PBXResourcesBuildPhase;
			buildActionMask = 2147483647;
			files = (
			);
			runOnlyForDeploymentPostprocessing = 0;
		};
		E9CBFD101B8268FB00702394 /* Resources */ = {
			isa = PBXResourcesBuildPhase;
			buildActionMask = 2147483647;
			files = (
			);
			runOnlyForDeploymentPostprocessing = 0;
		};
		E9D45AFE1AF00659000F6CA7 /* Resources */ = {
			isa = PBXResourcesBuildPhase;
			buildActionMask = 2147483647;
			files = (
			);
			runOnlyForDeploymentPostprocessing = 0;
		};
		E9DF0813194470060083F7F2 /* Resources */ = {
			isa = PBXResourcesBuildPhase;
			buildActionMask = 2147483647;
			files = (
			);
			runOnlyForDeploymentPostprocessing = 0;
		};
/* End PBXResourcesBuildPhase section */

/* Begin PBXSourcesBuildPhase section */
		E98647981BF327E400B6BEEE /* Sources */ = {
			isa = PBXSourcesBuildPhase;
			buildActionMask = 2147483647;
			files = (
				E98FD7311DC3D81600DCD9C9 /* Result+BrightFutures.swift in Sources */,
				E98FD6FD1DC3D81600DCD9C9 /* AsyncType.swift in Sources */,
				E98FD7051DC3D81600DCD9C9 /* AsyncType+ResultType.swift in Sources */,
				E98FD7151DC3D81600DCD9C9 /* Future.swift in Sources */,
				E98FD7091DC3D81600DCD9C9 /* Dispatch+BrightFutures.swift in Sources */,
				E98FD7191DC3D81600DCD9C9 /* InvalidationToken.swift in Sources */,
				E98FD7011DC3D81600DCD9C9 /* AsyncType+Debug.swift in Sources */,
				E98FD7211DC3D81600DCD9C9 /* MutableAsyncType+ResultType.swift in Sources */,
				E98FD7251DC3D81600DCD9C9 /* NSOperationQueue+BrightFutures.swift in Sources */,
				E98FD72D1DC3D81600DCD9C9 /* Promise.swift in Sources */,
				E98FD70D1DC3D81600DCD9C9 /* Errors.swift in Sources */,
				E98FD71D1DC3D81600DCD9C9 /* MutableAsyncType.swift in Sources */,
				E98FD7111DC3D81600DCD9C9 /* ExecutionContext.swift in Sources */,
				E98FD7351DC3D81600DCD9C9 /* SequenceType+BrightFutures.swift in Sources */,
				E98FD6F91DC3D81600DCD9C9 /* Async.swift in Sources */,
			);
			runOnlyForDeploymentPostprocessing = 0;
		};
		E98647A21BF327E400B6BEEE /* Sources */ = {
			isa = PBXSourcesBuildPhase;
			buildActionMask = 2147483647;
			files = (
				E98FD76A1DC3D88000DCD9C9 /* PromiseTests.swift in Sources */,
				E98FD7691DC3D88000DCD9C9 /* NSOperationQueueTests.swift in Sources */,
				E98FD7681DC3D88000DCD9C9 /* InvalidationTokenTests.swift in Sources */,
				E98FD76C1DC3D88000DCD9C9 /* ResultTests.swift in Sources */,
				E98FD76B1DC3D88000DCD9C9 /* QueueTests.swift in Sources */,
				5045199A216DDA7B002B3F48 /* Number+BrightFutures.swift in Sources */,
				E98FD7651DC3D88000DCD9C9 /* ErrorsTests.swift in Sources */,
				E98FD7661DC3D88000DCD9C9 /* ExecutionContextTests.swift in Sources */,
				E98FD7671DC3D88000DCD9C9 /* FutureDebugTests.swift in Sources */,
				E98FD7641DC3D88000DCD9C9 /* BrightFuturesTests.swift in Sources */,
			);
			runOnlyForDeploymentPostprocessing = 0;
		};
		E9CBFD0D1B8268FB00702394 /* Sources */ = {
			isa = PBXSourcesBuildPhase;
			buildActionMask = 2147483647;
			files = (
				E98FD7301DC3D81600DCD9C9 /* Result+BrightFutures.swift in Sources */,
				E98FD6FC1DC3D81600DCD9C9 /* AsyncType.swift in Sources */,
				E98FD7041DC3D81600DCD9C9 /* AsyncType+ResultType.swift in Sources */,
				E98FD7141DC3D81600DCD9C9 /* Future.swift in Sources */,
				E98FD7081DC3D81600DCD9C9 /* Dispatch+BrightFutures.swift in Sources */,
				E98FD7181DC3D81600DCD9C9 /* InvalidationToken.swift in Sources */,
				E98FD7001DC3D81600DCD9C9 /* AsyncType+Debug.swift in Sources */,
				E98FD7201DC3D81600DCD9C9 /* MutableAsyncType+ResultType.swift in Sources */,
				E98FD7241DC3D81600DCD9C9 /* NSOperationQueue+BrightFutures.swift in Sources */,
				E98FD72C1DC3D81600DCD9C9 /* Promise.swift in Sources */,
				E98FD70C1DC3D81600DCD9C9 /* Errors.swift in Sources */,
				E98FD71C1DC3D81600DCD9C9 /* MutableAsyncType.swift in Sources */,
				E98FD7101DC3D81600DCD9C9 /* ExecutionContext.swift in Sources */,
				E98FD7341DC3D81600DCD9C9 /* SequenceType+BrightFutures.swift in Sources */,
				E98FD6F81DC3D81600DCD9C9 /* Async.swift in Sources */,
			);
			runOnlyForDeploymentPostprocessing = 0;
		};
		E9D45AFB1AF00659000F6CA7 /* Sources */ = {
			isa = PBXSourcesBuildPhase;
			buildActionMask = 2147483647;
			files = (
				E98FD72F1DC3D81600DCD9C9 /* Result+BrightFutures.swift in Sources */,
				E98FD6FB1DC3D81600DCD9C9 /* AsyncType.swift in Sources */,
				E98FD7031DC3D81600DCD9C9 /* AsyncType+ResultType.swift in Sources */,
				E98FD7131DC3D81600DCD9C9 /* Future.swift in Sources */,
				E98FD7071DC3D81600DCD9C9 /* Dispatch+BrightFutures.swift in Sources */,
				E98FD7171DC3D81600DCD9C9 /* InvalidationToken.swift in Sources */,
				E98FD6FF1DC3D81600DCD9C9 /* AsyncType+Debug.swift in Sources */,
				E98FD71F1DC3D81600DCD9C9 /* MutableAsyncType+ResultType.swift in Sources */,
				E98FD7231DC3D81600DCD9C9 /* NSOperationQueue+BrightFutures.swift in Sources */,
				E98FD72B1DC3D81600DCD9C9 /* Promise.swift in Sources */,
				E98FD70B1DC3D81600DCD9C9 /* Errors.swift in Sources */,
				E98FD71B1DC3D81600DCD9C9 /* MutableAsyncType.swift in Sources */,
				E98FD70F1DC3D81600DCD9C9 /* ExecutionContext.swift in Sources */,
				E98FD7331DC3D81600DCD9C9 /* SequenceType+BrightFutures.swift in Sources */,
				E98FD6F71DC3D81600DCD9C9 /* Async.swift in Sources */,
			);
			runOnlyForDeploymentPostprocessing = 0;
		};
		E9D45B061AF00659000F6CA7 /* Sources */ = {
			isa = PBXSourcesBuildPhase;
			buildActionMask = 2147483647;
			files = (
				E98FD7851DC3D88600DCD9C9 /* PromiseTests.swift in Sources */,
				E98FD7841DC3D88600DCD9C9 /* NSOperationQueueTests.swift in Sources */,
				E98FD7831DC3D88600DCD9C9 /* InvalidationTokenTests.swift in Sources */,
				E98FD7871DC3D88600DCD9C9 /* ResultTests.swift in Sources */,
				E98FD7861DC3D88600DCD9C9 /* QueueTests.swift in Sources */,
				5045199C216DDA7B002B3F48 /* Number+BrightFutures.swift in Sources */,
				E98FD7801DC3D88600DCD9C9 /* ErrorsTests.swift in Sources */,
				E98FD7811DC3D88600DCD9C9 /* ExecutionContextTests.swift in Sources */,
				E98FD7821DC3D88600DCD9C9 /* FutureDebugTests.swift in Sources */,
				E98FD77F1DC3D88600DCD9C9 /* BrightFuturesTests.swift in Sources */,
			);
			runOnlyForDeploymentPostprocessing = 0;
		};
		E9DF0810194470060083F7F2 /* Sources */ = {
			isa = PBXSourcesBuildPhase;
			buildActionMask = 2147483647;
			files = (
				E98FD72E1DC3D81600DCD9C9 /* Result+BrightFutures.swift in Sources */,
				E98FD6FA1DC3D81600DCD9C9 /* AsyncType.swift in Sources */,
				E98FD7021DC3D81600DCD9C9 /* AsyncType+ResultType.swift in Sources */,
				E98FD7121DC3D81600DCD9C9 /* Future.swift in Sources */,
				E98FD7061DC3D81600DCD9C9 /* Dispatch+BrightFutures.swift in Sources */,
				C34BB4B6224A9E3600921D21 /* ResultProtocol.swift in Sources */,
				E98FD7161DC3D81600DCD9C9 /* InvalidationToken.swift in Sources */,
				E98FD6FE1DC3D81600DCD9C9 /* AsyncType+Debug.swift in Sources */,
				E98FD71E1DC3D81600DCD9C9 /* MutableAsyncType+ResultType.swift in Sources */,
				E98FD7221DC3D81600DCD9C9 /* NSOperationQueue+BrightFutures.swift in Sources */,
				E98FD72A1DC3D81600DCD9C9 /* Promise.swift in Sources */,
				E98FD70A1DC3D81600DCD9C9 /* Errors.swift in Sources */,
				E98FD71A1DC3D81600DCD9C9 /* MutableAsyncType.swift in Sources */,
				E98FD70E1DC3D81600DCD9C9 /* ExecutionContext.swift in Sources */,
				E98FD7321DC3D81600DCD9C9 /* SequenceType+BrightFutures.swift in Sources */,
				E98FD6F61DC3D81600DCD9C9 /* Async.swift in Sources */,
				C34BB4B4224A6D3C00921D21 /* NoError.swift in Sources */,
			);
			runOnlyForDeploymentPostprocessing = 0;
		};
		E9DF081C194470060083F7F2 /* Sources */ = {
			isa = PBXSourcesBuildPhase;
			buildActionMask = 2147483647;
			files = (
				E98FD77C1DC3D88200DCD9C9 /* PromiseTests.swift in Sources */,
				E98FD77B1DC3D88200DCD9C9 /* NSOperationQueueTests.swift in Sources */,
				E98FD77A1DC3D88200DCD9C9 /* InvalidationTokenTests.swift in Sources */,
				E98FD77E1DC3D88200DCD9C9 /* ResultTests.swift in Sources */,
				E98FD77D1DC3D88200DCD9C9 /* QueueTests.swift in Sources */,
				5045199B216DDA7B002B3F48 /* Number+BrightFutures.swift in Sources */,
				E98FD7771DC3D88200DCD9C9 /* ErrorsTests.swift in Sources */,
				E98FD7781DC3D88200DCD9C9 /* ExecutionContextTests.swift in Sources */,
				E98FD7791DC3D88200DCD9C9 /* FutureDebugTests.swift in Sources */,
				E98FD7761DC3D88200DCD9C9 /* BrightFuturesTests.swift in Sources */,
			);
			runOnlyForDeploymentPostprocessing = 0;
		};
/* End PBXSourcesBuildPhase section */

/* Begin PBXTargetDependency section */
		E98647A91BF327E400B6BEEE /* PBXTargetDependency */ = {
			isa = PBXTargetDependency;
			target = E986479C1BF327E400B6BEEE /* BrightFutures-tvOS */;
			targetProxy = E98647A81BF327E400B6BEEE /* PBXContainerItemProxy */;
		};
		E9D45B0D1AF00659000F6CA7 /* PBXTargetDependency */ = {
			isa = PBXTargetDependency;
			target = E9D45AFF1AF00659000F6CA7 /* BrightFutures-Mac */;
			targetProxy = E9D45B0C1AF00659000F6CA7 /* PBXContainerItemProxy */;
		};
		E9DF0823194470060083F7F2 /* PBXTargetDependency */ = {
			isa = PBXTargetDependency;
			target = E9DF0814194470060083F7F2 /* BrightFutures-iOS */;
			targetProxy = E9DF0822194470060083F7F2 /* PBXContainerItemProxy */;
		};
/* End PBXTargetDependency section */

/* Begin XCBuildConfiguration section */
		E98647AE1BF327E400B6BEEE /* Debug */ = {
			isa = XCBuildConfiguration;
			buildSettings = {
				CLANG_ENABLE_CODE_COVERAGE = NO;
				CLANG_ENABLE_MODULES = YES;
				"CODE_SIGN_IDENTITY[sdk=appletvos*]" = "";
				DEBUG_INFORMATION_FORMAT = dwarf;
				DEFINES_MODULE = YES;
				DYLIB_COMPATIBILITY_VERSION = 1;
				DYLIB_CURRENT_VERSION = 1;
				DYLIB_INSTALL_NAME_BASE = "@rpath";
				FRAMEWORK_SEARCH_PATHS = "$(inherited)";
				GCC_NO_COMMON_BLOCKS = YES;
				INFOPLIST_FILE = Sources/BrightFutures/Info.plist;
				INSTALL_PATH = "$(LOCAL_LIBRARY_DIR)/Frameworks";
				LD_RUNPATH_SEARCH_PATHS = "$(inherited) @executable_path/Frameworks @loader_path/Frameworks";
				MTL_ENABLE_DEBUG_INFO = YES;
				PRODUCT_BUNDLE_IDENTIFIER = nl.thomvis.BrightFutures;
				PRODUCT_NAME = BrightFutures;
				SDKROOT = appletvos;
				SKIP_INSTALL = YES;
				SWIFT_OPTIMIZATION_LEVEL = "-Onone";
				SWIFT_VERSION = 4.2;
				TARGETED_DEVICE_FAMILY = 3;
				TVOS_DEPLOYMENT_TARGET = 9.0;
			};
			name = Debug;
		};
		E98647AF1BF327E400B6BEEE /* Release */ = {
			isa = XCBuildConfiguration;
			buildSettings = {
				CLANG_ENABLE_CODE_COVERAGE = NO;
				CLANG_ENABLE_MODULES = YES;
				"CODE_SIGN_IDENTITY[sdk=appletvos*]" = "";
				COPY_PHASE_STRIP = NO;
				DEBUG_INFORMATION_FORMAT = "dwarf-with-dsym";
				DEFINES_MODULE = YES;
				DYLIB_COMPATIBILITY_VERSION = 1;
				DYLIB_CURRENT_VERSION = 1;
				DYLIB_INSTALL_NAME_BASE = "@rpath";
				FRAMEWORK_SEARCH_PATHS = "$(inherited)";
				GCC_NO_COMMON_BLOCKS = YES;
				INFOPLIST_FILE = Sources/BrightFutures/Info.plist;
				INSTALL_PATH = "$(LOCAL_LIBRARY_DIR)/Frameworks";
				LD_RUNPATH_SEARCH_PATHS = "$(inherited) @executable_path/Frameworks @loader_path/Frameworks";
				MTL_ENABLE_DEBUG_INFO = NO;
				PRODUCT_BUNDLE_IDENTIFIER = nl.thomvis.BrightFutures;
				PRODUCT_NAME = BrightFutures;
				SDKROOT = appletvos;
				SKIP_INSTALL = YES;
				SWIFT_OPTIMIZATION_LEVEL = "-Owholemodule";
				SWIFT_VERSION = 4.2;
				TARGETED_DEVICE_FAMILY = 3;
				TVOS_DEPLOYMENT_TARGET = 9.0;
			};
			name = Release;
		};
		E98647B01BF327E400B6BEEE /* Debug */ = {
			isa = XCBuildConfiguration;
			buildSettings = {
				ALWAYS_EMBED_SWIFT_STANDARD_LIBRARIES = YES;
				DEBUG_INFORMATION_FORMAT = dwarf;
				GCC_NO_COMMON_BLOCKS = YES;
				INFOPLIST_FILE = Tests/BrightFuturesTests/Info.plist;
				LD_RUNPATH_SEARCH_PATHS = "$(inherited) @executable_path/Frameworks @loader_path/Frameworks";
				MTL_ENABLE_DEBUG_INFO = YES;
				PRODUCT_BUNDLE_IDENTIFIER = "nl.thomvis.BrightFutures-tvOSTests";
				PRODUCT_NAME = "$(TARGET_NAME)";
				SDKROOT = appletvos;
				SWIFT_VERSION = 4.2;
				TVOS_DEPLOYMENT_TARGET = 9.0;
			};
			name = Debug;
		};
		E98647B11BF327E400B6BEEE /* Release */ = {
			isa = XCBuildConfiguration;
			buildSettings = {
				ALWAYS_EMBED_SWIFT_STANDARD_LIBRARIES = YES;
				COPY_PHASE_STRIP = NO;
				DEBUG_INFORMATION_FORMAT = "dwarf-with-dsym";
				GCC_NO_COMMON_BLOCKS = YES;
				INFOPLIST_FILE = Tests/BrightFuturesTests/Info.plist;
				LD_RUNPATH_SEARCH_PATHS = "$(inherited) @executable_path/Frameworks @loader_path/Frameworks";
				MTL_ENABLE_DEBUG_INFO = NO;
				PRODUCT_BUNDLE_IDENTIFIER = "nl.thomvis.BrightFutures-tvOSTests";
				PRODUCT_NAME = "$(TARGET_NAME)";
				SDKROOT = appletvos;
				SWIFT_OPTIMIZATION_LEVEL = "-Owholemodule";
				SWIFT_VERSION = 4.2;
				TVOS_DEPLOYMENT_TARGET = 9.0;
			};
			name = Release;
		};
		E9CBFD181B8268FB00702394 /* Debug */ = {
			isa = XCBuildConfiguration;
			buildSettings = {
				APPLICATION_EXTENSION_API_ONLY = YES;
				CLANG_ENABLE_CODE_COVERAGE = NO;
				CLANG_ENABLE_MODULES = YES;
				"CODE_SIGN_IDENTITY[sdk=watchos*]" = "";
				DEBUG_INFORMATION_FORMAT = dwarf;
				DEFINES_MODULE = YES;
				DYLIB_COMPATIBILITY_VERSION = 1;
				DYLIB_CURRENT_VERSION = 1;
				DYLIB_INSTALL_NAME_BASE = "@rpath";
				FRAMEWORK_SEARCH_PATHS = "$(inherited)";
				GCC_NO_COMMON_BLOCKS = YES;
				INFOPLIST_FILE = Sources/BrightFutures/Info.plist;
				INSTALL_PATH = "$(LOCAL_LIBRARY_DIR)/Frameworks";
				LD_RUNPATH_SEARCH_PATHS = "$(inherited) @executable_path/Frameworks @loader_path/Frameworks";
				MTL_ENABLE_DEBUG_INFO = YES;
				PRODUCT_BUNDLE_IDENTIFIER = nl.thomvis.BrightFutures;
				PRODUCT_NAME = BrightFutures;
				SDKROOT = watchos;
				SKIP_INSTALL = YES;
				SWIFT_OPTIMIZATION_LEVEL = "-Onone";
				SWIFT_VERSION = 4.2;
				TARGETED_DEVICE_FAMILY = 4;
				WATCHOS_DEPLOYMENT_TARGET = 2.0;
			};
			name = Debug;
		};
		E9CBFD191B8268FB00702394 /* Release */ = {
			isa = XCBuildConfiguration;
			buildSettings = {
				APPLICATION_EXTENSION_API_ONLY = YES;
				CLANG_ENABLE_CODE_COVERAGE = NO;
				CLANG_ENABLE_MODULES = YES;
				"CODE_SIGN_IDENTITY[sdk=watchos*]" = "";
				COPY_PHASE_STRIP = NO;
				DEBUG_INFORMATION_FORMAT = "dwarf-with-dsym";
				DEFINES_MODULE = YES;
				DYLIB_COMPATIBILITY_VERSION = 1;
				DYLIB_CURRENT_VERSION = 1;
				DYLIB_INSTALL_NAME_BASE = "@rpath";
				FRAMEWORK_SEARCH_PATHS = "$(inherited)";
				GCC_NO_COMMON_BLOCKS = YES;
				INFOPLIST_FILE = Sources/BrightFutures/Info.plist;
				INSTALL_PATH = "$(LOCAL_LIBRARY_DIR)/Frameworks";
				LD_RUNPATH_SEARCH_PATHS = "$(inherited) @executable_path/Frameworks @loader_path/Frameworks";
				MTL_ENABLE_DEBUG_INFO = NO;
				PRODUCT_BUNDLE_IDENTIFIER = nl.thomvis.BrightFutures;
				PRODUCT_NAME = BrightFutures;
				SDKROOT = watchos;
				SKIP_INSTALL = YES;
				SWIFT_OPTIMIZATION_LEVEL = "-Owholemodule";
				SWIFT_VERSION = 4.2;
				TARGETED_DEVICE_FAMILY = 4;
				WATCHOS_DEPLOYMENT_TARGET = 2.0;
			};
			name = Release;
		};
		E9D45B141AF00659000F6CA7 /* Debug */ = {
			isa = XCBuildConfiguration;
			buildSettings = {
				APPLICATION_EXTENSION_API_ONLY = YES;
				CLANG_ENABLE_CODE_COVERAGE = NO;
				CLANG_ENABLE_MODULES = YES;
				COMBINE_HIDPI_IMAGES = YES;
				DEBUG_INFORMATION_FORMAT = dwarf;
				DEFINES_MODULE = YES;
				DYLIB_COMPATIBILITY_VERSION = 1;
				DYLIB_CURRENT_VERSION = 1;
				DYLIB_INSTALL_NAME_BASE = "@rpath";
				FRAMEWORK_SEARCH_PATHS = "$(inherited)";
				FRAMEWORK_VERSION = A;
				GCC_NO_COMMON_BLOCKS = YES;
				GCC_PREPROCESSOR_DEFINITIONS = (
					"DEBUG=1",
					"$(inherited)",
				);
				INFOPLIST_FILE = Sources/BrightFutures/Info.plist;
				INSTALL_PATH = "$(LOCAL_LIBRARY_DIR)/Frameworks";
				LD_RUNPATH_SEARCH_PATHS = "$(inherited) @executable_path/../Frameworks @loader_path/Frameworks";
				MACOSX_DEPLOYMENT_TARGET = 10.10;
				MTL_ENABLE_DEBUG_INFO = YES;
				PRODUCT_BUNDLE_IDENTIFIER = "nl.thomvis.${PRODUCT_NAME:rfc1034identifier}";
				PRODUCT_NAME = BrightFutures;
				SDKROOT = macosx;
				SKIP_INSTALL = YES;
				SWIFT_OPTIMIZATION_LEVEL = "-Onone";
				SWIFT_VERSION = 4.2;
			};
			name = Debug;
		};
		E9D45B151AF00659000F6CA7 /* Release */ = {
			isa = XCBuildConfiguration;
			buildSettings = {
				APPLICATION_EXTENSION_API_ONLY = YES;
				CLANG_ENABLE_CODE_COVERAGE = NO;
				CLANG_ENABLE_MODULES = YES;
				COMBINE_HIDPI_IMAGES = YES;
				COPY_PHASE_STRIP = NO;
				DEBUG_INFORMATION_FORMAT = "dwarf-with-dsym";
				DEFINES_MODULE = YES;
				DYLIB_COMPATIBILITY_VERSION = 1;
				DYLIB_CURRENT_VERSION = 1;
				DYLIB_INSTALL_NAME_BASE = "@rpath";
				FRAMEWORK_SEARCH_PATHS = "$(inherited)";
				FRAMEWORK_VERSION = A;
				GCC_NO_COMMON_BLOCKS = YES;
				INFOPLIST_FILE = Sources/BrightFutures/Info.plist;
				INSTALL_PATH = "$(LOCAL_LIBRARY_DIR)/Frameworks";
				LD_RUNPATH_SEARCH_PATHS = "$(inherited) @executable_path/../Frameworks @loader_path/Frameworks";
				MACOSX_DEPLOYMENT_TARGET = 10.10;
				MTL_ENABLE_DEBUG_INFO = NO;
				PRODUCT_BUNDLE_IDENTIFIER = "nl.thomvis.${PRODUCT_NAME:rfc1034identifier}";
				PRODUCT_NAME = BrightFutures;
				SDKROOT = macosx;
				SKIP_INSTALL = YES;
				SWIFT_OPTIMIZATION_LEVEL = "-Owholemodule";
				SWIFT_VERSION = 4.2;
			};
			name = Release;
		};
		E9D45B171AF00659000F6CA7 /* Debug */ = {
			isa = XCBuildConfiguration;
			buildSettings = {
				ALWAYS_EMBED_SWIFT_STANDARD_LIBRARIES = YES;
				COMBINE_HIDPI_IMAGES = YES;
				DEBUG_INFORMATION_FORMAT = dwarf;
				FRAMEWORK_SEARCH_PATHS = (
					"$(DEVELOPER_FRAMEWORKS_DIR)",
					"$(inherited)",
					"$(PROJECT_DIR)/Carthage/Build/Mac",
				);
				GCC_NO_COMMON_BLOCKS = YES;
				GCC_PREPROCESSOR_DEFINITIONS = (
					"DEBUG=1",
					"$(inherited)",
				);
				INFOPLIST_FILE = Tests/BrightFuturesTests/Info.plist;
				LD_RUNPATH_SEARCH_PATHS = "$(inherited) @executable_path/../Frameworks @loader_path/../Frameworks";
				MACOSX_DEPLOYMENT_TARGET = 10.10;
				MTL_ENABLE_DEBUG_INFO = YES;
				PRODUCT_BUNDLE_IDENTIFIER = "nl.thomvis.${PRODUCT_NAME:rfc1034identifier}";
				PRODUCT_NAME = "$(TARGET_NAME)";
				SDKROOT = macosx;
				SWIFT_VERSION = 4.2;
			};
			name = Debug;
		};
		E9D45B181AF00659000F6CA7 /* Release */ = {
			isa = XCBuildConfiguration;
			buildSettings = {
				ALWAYS_EMBED_SWIFT_STANDARD_LIBRARIES = YES;
				COMBINE_HIDPI_IMAGES = YES;
				COPY_PHASE_STRIP = NO;
				DEBUG_INFORMATION_FORMAT = "dwarf-with-dsym";
				FRAMEWORK_SEARCH_PATHS = (
					"$(DEVELOPER_FRAMEWORKS_DIR)",
					"$(inherited)",
					"$(PROJECT_DIR)/Carthage/Build/Mac",
				);
				GCC_NO_COMMON_BLOCKS = YES;
				INFOPLIST_FILE = Tests/BrightFuturesTests/Info.plist;
				LD_RUNPATH_SEARCH_PATHS = "$(inherited) @executable_path/../Frameworks @loader_path/../Frameworks";
				MACOSX_DEPLOYMENT_TARGET = 10.10;
				MTL_ENABLE_DEBUG_INFO = NO;
				PRODUCT_BUNDLE_IDENTIFIER = "nl.thomvis.${PRODUCT_NAME:rfc1034identifier}";
				PRODUCT_NAME = "$(TARGET_NAME)";
				SDKROOT = macosx;
				SWIFT_OPTIMIZATION_LEVEL = "-Owholemodule";
				SWIFT_VERSION = 4.2;
			};
			name = Release;
		};
		E9DF0829194470060083F7F2 /* Debug */ = {
			isa = XCBuildConfiguration;
			buildSettings = {
				ALWAYS_SEARCH_USER_PATHS = NO;
				CLANG_CXX_LANGUAGE_STANDARD = "gnu++0x";
				CLANG_CXX_LIBRARY = "libc++";
				CLANG_ENABLE_MODULES = YES;
				CLANG_ENABLE_OBJC_ARC = YES;
				CLANG_WARN_BLOCK_CAPTURE_AUTORELEASING = YES;
				CLANG_WARN_BOOL_CONVERSION = YES;
				CLANG_WARN_COMMA = YES;
				CLANG_WARN_CONSTANT_CONVERSION = YES;
				CLANG_WARN_DEPRECATED_OBJC_IMPLEMENTATIONS = YES;
				CLANG_WARN_DIRECT_OBJC_ISA_USAGE = YES_ERROR;
				CLANG_WARN_EMPTY_BODY = YES;
				CLANG_WARN_ENUM_CONVERSION = YES;
				CLANG_WARN_INFINITE_RECURSION = YES;
				CLANG_WARN_INT_CONVERSION = YES;
				CLANG_WARN_NON_LITERAL_NULL_CONVERSION = YES;
				CLANG_WARN_OBJC_IMPLICIT_RETAIN_SELF = YES;
				CLANG_WARN_OBJC_LITERAL_CONVERSION = YES;
				CLANG_WARN_OBJC_ROOT_CLASS = YES_ERROR;
				CLANG_WARN_RANGE_LOOP_ANALYSIS = YES;
				CLANG_WARN_STRICT_PROTOTYPES = YES;
				CLANG_WARN_SUSPICIOUS_MOVE = YES;
				CLANG_WARN_UNREACHABLE_CODE = YES;
				CLANG_WARN__DUPLICATE_METHOD_MATCH = YES;
				COPY_PHASE_STRIP = NO;
				CURRENT_PROJECT_VERSION = 1;
				ENABLE_STRICT_OBJC_MSGSEND = YES;
				ENABLE_TESTABILITY = YES;
				GCC_C_LANGUAGE_STANDARD = gnu99;
				GCC_DYNAMIC_NO_PIC = NO;
				GCC_NO_COMMON_BLOCKS = YES;
				GCC_OPTIMIZATION_LEVEL = 0;
				GCC_PREPROCESSOR_DEFINITIONS = (
					"DEBUG=1",
					"$(inherited)",
				);
				GCC_SYMBOLS_PRIVATE_EXTERN = NO;
				GCC_WARN_64_TO_32_BIT_CONVERSION = YES;
				GCC_WARN_ABOUT_RETURN_TYPE = YES_ERROR;
				GCC_WARN_UNDECLARED_SELECTOR = YES;
				GCC_WARN_UNINITIALIZED_AUTOS = YES_AGGRESSIVE;
				GCC_WARN_UNUSED_FUNCTION = YES;
				GCC_WARN_UNUSED_VARIABLE = YES;
				IPHONEOS_DEPLOYMENT_TARGET = 8.0;
				METAL_ENABLE_DEBUG_INFO = YES;
				ONLY_ACTIVE_ARCH = YES;
				SDKROOT = iphoneos;
				SWIFT_OPTIMIZATION_LEVEL = "-Onone";
				SWIFT_VERSION = 4.2;
				TARGETED_DEVICE_FAMILY = "1,2";
				VERSIONING_SYSTEM = "apple-generic";
				VERSION_INFO_PREFIX = "";
			};
			name = Debug;
		};
		E9DF082A194470060083F7F2 /* Release */ = {
			isa = XCBuildConfiguration;
			buildSettings = {
				ALWAYS_SEARCH_USER_PATHS = NO;
				CLANG_CXX_LANGUAGE_STANDARD = "gnu++0x";
				CLANG_CXX_LIBRARY = "libc++";
				CLANG_ENABLE_MODULES = YES;
				CLANG_ENABLE_OBJC_ARC = YES;
				CLANG_WARN_BLOCK_CAPTURE_AUTORELEASING = YES;
				CLANG_WARN_BOOL_CONVERSION = YES;
				CLANG_WARN_COMMA = YES;
				CLANG_WARN_CONSTANT_CONVERSION = YES;
				CLANG_WARN_DEPRECATED_OBJC_IMPLEMENTATIONS = YES;
				CLANG_WARN_DIRECT_OBJC_ISA_USAGE = YES_ERROR;
				CLANG_WARN_EMPTY_BODY = YES;
				CLANG_WARN_ENUM_CONVERSION = YES;
				CLANG_WARN_INFINITE_RECURSION = YES;
				CLANG_WARN_INT_CONVERSION = YES;
				CLANG_WARN_NON_LITERAL_NULL_CONVERSION = YES;
				CLANG_WARN_OBJC_IMPLICIT_RETAIN_SELF = YES;
				CLANG_WARN_OBJC_LITERAL_CONVERSION = YES;
				CLANG_WARN_OBJC_ROOT_CLASS = YES_ERROR;
				CLANG_WARN_RANGE_LOOP_ANALYSIS = YES;
				CLANG_WARN_STRICT_PROTOTYPES = YES;
				CLANG_WARN_SUSPICIOUS_MOVE = YES;
				CLANG_WARN_UNREACHABLE_CODE = YES;
				CLANG_WARN__DUPLICATE_METHOD_MATCH = YES;
				COPY_PHASE_STRIP = YES;
				CURRENT_PROJECT_VERSION = 1;
				ENABLE_NS_ASSERTIONS = NO;
				ENABLE_STRICT_OBJC_MSGSEND = YES;
				GCC_C_LANGUAGE_STANDARD = gnu99;
				GCC_NO_COMMON_BLOCKS = YES;
				GCC_WARN_64_TO_32_BIT_CONVERSION = YES;
				GCC_WARN_ABOUT_RETURN_TYPE = YES_ERROR;
				GCC_WARN_UNDECLARED_SELECTOR = YES;
				GCC_WARN_UNINITIALIZED_AUTOS = YES_AGGRESSIVE;
				GCC_WARN_UNUSED_FUNCTION = YES;
				GCC_WARN_UNUSED_VARIABLE = YES;
				IPHONEOS_DEPLOYMENT_TARGET = 8.0;
				METAL_ENABLE_DEBUG_INFO = NO;
				SDKROOT = iphoneos;
				SWIFT_VERSION = 4.2;
				TARGETED_DEVICE_FAMILY = "1,2";
				VALIDATE_PRODUCT = YES;
				VERSIONING_SYSTEM = "apple-generic";
				VERSION_INFO_PREFIX = "";
			};
			name = Release;
		};
		E9DF082C194470060083F7F2 /* Debug */ = {
			isa = XCBuildConfiguration;
			buildSettings = {
				APPLICATION_EXTENSION_API_ONLY = YES;
				CLANG_ENABLE_CODE_COVERAGE = NO;
				CLANG_ENABLE_MODULES = YES;
				CODE_SIGN_IDENTITY = "iPhone Developer";
				"CODE_SIGN_IDENTITY[sdk=iphoneos*]" = "";
				DEFINES_MODULE = YES;
				DYLIB_COMPATIBILITY_VERSION = 1;
				DYLIB_CURRENT_VERSION = 1;
				DYLIB_INSTALL_NAME_BASE = "@rpath";
				FRAMEWORK_SEARCH_PATHS = "$(inherited)";
				INFOPLIST_FILE = Sources/BrightFutures/Info.plist;
				INSTALL_PATH = "$(LOCAL_LIBRARY_DIR)/Frameworks";
				LD_RUNPATH_SEARCH_PATHS = "$(inherited) @executable_path/Frameworks @loader_path/Frameworks";
				PRODUCT_BUNDLE_IDENTIFIER = nl.thomvis.BrightFutures;
				PRODUCT_NAME = BrightFutures;
				SKIP_INSTALL = YES;
				SWIFT_OPTIMIZATION_LEVEL = "-Onone";
				SWIFT_VERSION = 5.0;
			};
			name = Debug;
		};
		E9DF082D194470060083F7F2 /* Release */ = {
			isa = XCBuildConfiguration;
			buildSettings = {
				APPLICATION_EXTENSION_API_ONLY = YES;
				CLANG_ENABLE_CODE_COVERAGE = NO;
				CLANG_ENABLE_MODULES = YES;
				CODE_SIGN_IDENTITY = "iPhone Developer";
				"CODE_SIGN_IDENTITY[sdk=iphoneos*]" = "";
				DEFINES_MODULE = YES;
				DYLIB_COMPATIBILITY_VERSION = 1;
				DYLIB_CURRENT_VERSION = 1;
				DYLIB_INSTALL_NAME_BASE = "@rpath";
				FRAMEWORK_SEARCH_PATHS = "$(inherited)";
				INFOPLIST_FILE = Sources/BrightFutures/Info.plist;
				INSTALL_PATH = "$(LOCAL_LIBRARY_DIR)/Frameworks";
				LD_RUNPATH_SEARCH_PATHS = "$(inherited) @executable_path/Frameworks @loader_path/Frameworks";
				PRODUCT_BUNDLE_IDENTIFIER = nl.thomvis.BrightFutures;
				PRODUCT_NAME = BrightFutures;
				SKIP_INSTALL = YES;
				SWIFT_OPTIMIZATION_LEVEL = "-Owholemodule";
				SWIFT_VERSION = 5.0;
			};
			name = Release;
		};
		E9DF082F194470060083F7F2 /* Debug */ = {
			isa = XCBuildConfiguration;
			buildSettings = {
				ALWAYS_EMBED_SWIFT_STANDARD_LIBRARIES = YES;
				CODE_SIGN_IDENTITY = "iPhone Developer";
				FRAMEWORK_SEARCH_PATHS = (
					"$(inherited)",
					"$(PROJECT_DIR)/Carthage/Build/iOS",
				);
				GCC_PREPROCESSOR_DEFINITIONS = (
					"DEBUG=1",
					"$(inherited)",
				);
				INFOPLIST_FILE = Tests/BrightFuturesTests/Info.plist;
				LD_RUNPATH_SEARCH_PATHS = "$(inherited) @executable_path/Frameworks @loader_path/Frameworks";
				METAL_ENABLE_DEBUG_INFO = YES;
				PRODUCT_BUNDLE_IDENTIFIER = "nl.thomvis.${PRODUCT_NAME:rfc1034identifier}";
				PRODUCT_NAME = "$(TARGET_NAME)";
			};
			name = Debug;
		};
		E9DF0830194470060083F7F2 /* Release */ = {
			isa = XCBuildConfiguration;
			buildSettings = {
				ALWAYS_EMBED_SWIFT_STANDARD_LIBRARIES = YES;
				CODE_SIGN_IDENTITY = "iPhone Developer";
				FRAMEWORK_SEARCH_PATHS = (
					"$(inherited)",
					"$(PROJECT_DIR)/Carthage/Build/iOS",
				);
				INFOPLIST_FILE = Tests/BrightFuturesTests/Info.plist;
				LD_RUNPATH_SEARCH_PATHS = "$(inherited) @executable_path/Frameworks @loader_path/Frameworks";
				METAL_ENABLE_DEBUG_INFO = NO;
				PRODUCT_BUNDLE_IDENTIFIER = "nl.thomvis.${PRODUCT_NAME:rfc1034identifier}";
				PRODUCT_NAME = "$(TARGET_NAME)";
				SWIFT_OPTIMIZATION_LEVEL = "-Owholemodule";
			};
			name = Release;
		};
/* End XCBuildConfiguration section */

/* Begin XCConfigurationList section */
		E98647B21BF327E400B6BEEE /* Build configuration list for PBXNativeTarget "BrightFutures-tvOS" */ = {
			isa = XCConfigurationList;
			buildConfigurations = (
				E98647AE1BF327E400B6BEEE /* Debug */,
				E98647AF1BF327E400B6BEEE /* Release */,
			);
			defaultConfigurationIsVisible = 0;
			defaultConfigurationName = Release;
		};
		E98647B31BF327E400B6BEEE /* Build configuration list for PBXNativeTarget "BrightFutures-tvOSTests" */ = {
			isa = XCConfigurationList;
			buildConfigurations = (
				E98647B01BF327E400B6BEEE /* Debug */,
				E98647B11BF327E400B6BEEE /* Release */,
			);
			defaultConfigurationIsVisible = 0;
			defaultConfigurationName = Release;
		};
		E9CBFD171B8268FB00702394 /* Build configuration list for PBXNativeTarget "BrightFutures-watchOS" */ = {
			isa = XCConfigurationList;
			buildConfigurations = (
				E9CBFD181B8268FB00702394 /* Debug */,
				E9CBFD191B8268FB00702394 /* Release */,
			);
			defaultConfigurationIsVisible = 0;
			defaultConfigurationName = Release;
		};
		E9D45B131AF00659000F6CA7 /* Build configuration list for PBXNativeTarget "BrightFutures-Mac" */ = {
			isa = XCConfigurationList;
			buildConfigurations = (
				E9D45B141AF00659000F6CA7 /* Debug */,
				E9D45B151AF00659000F6CA7 /* Release */,
			);
			defaultConfigurationIsVisible = 0;
			defaultConfigurationName = Release;
		};
		E9D45B161AF00659000F6CA7 /* Build configuration list for PBXNativeTarget "BrightFutures-MacTests" */ = {
			isa = XCConfigurationList;
			buildConfigurations = (
				E9D45B171AF00659000F6CA7 /* Debug */,
				E9D45B181AF00659000F6CA7 /* Release */,
			);
			defaultConfigurationIsVisible = 0;
			defaultConfigurationName = Release;
		};
		E9DF080F194470060083F7F2 /* Build configuration list for PBXProject "BrightFutures" */ = {
			isa = XCConfigurationList;
			buildConfigurations = (
				E9DF0829194470060083F7F2 /* Debug */,
				E9DF082A194470060083F7F2 /* Release */,
			);
			defaultConfigurationIsVisible = 0;
			defaultConfigurationName = Release;
		};
		E9DF082B194470060083F7F2 /* Build configuration list for PBXNativeTarget "BrightFutures-iOS" */ = {
			isa = XCConfigurationList;
			buildConfigurations = (
				E9DF082C194470060083F7F2 /* Debug */,
				E9DF082D194470060083F7F2 /* Release */,
			);
			defaultConfigurationIsVisible = 0;
			defaultConfigurationName = Release;
		};
		E9DF082E194470060083F7F2 /* Build configuration list for PBXNativeTarget "BrightFutures-iOSTests" */ = {
			isa = XCConfigurationList;
			buildConfigurations = (
				E9DF082F194470060083F7F2 /* Debug */,
				E9DF0830194470060083F7F2 /* Release */,
			);
			defaultConfigurationIsVisible = 0;
			defaultConfigurationName = Release;
		};
/* End XCConfigurationList section */
	};
	rootObject = E9DF080C194470060083F7F2 /* Project object */;
}
